
Microsoft Visual Studio Solution File, Format Version 12.00
# Visual Studio Version 17
VisualStudioVersion = 17.4.33205.214
MinimumVisualStudioVersion = 10.0.40219.1
Project("{FAE04EC0-301F-11D3-BF4B-00C04F79EFBC}") = "Task 62", "Task 62\Task 62.csproj", "{7540F48C-8BA6-4E21-B7AB-597F8EF9DF13}"
EndProject
Global
	GlobalSection(SolutionConfigurationPlatforms) = preSolution
		Debug|Any CPU = Debug|Any CPU
		Release|Any CPU = Release|Any CPU
	EndGlobalSection
	GlobalSection(ProjectConfigurationPlatforms) = postSolution
		{7540F48C-8BA6-4E21-B7AB-597F8EF9DF13}.Debug|Any CPU.ActiveCfg = Debug|Any CPU
		{7540F48C-8BA6-4E21-B7AB-597F8EF9DF13}.Debug|Any CPU.Build.0 = Debug|Any CPU
		{7540F48C-8BA6-4E21-B7AB-597F8EF9DF13}.Release|Any CPU.ActiveCfg = Release|Any CPU
		{7540F48C-8BA6-4E21-B7AB-597F8EF9DF13}.Release|Any CPU.Build.0 = Release|Any CPU
	EndGlobalSection
	GlobalSection(SolutionProperties) = preSolution
		HideSolutionNode = FALSE
	EndGlobalSection
	GlobalSection(ExtensibilityGlobals) = postSolution
		SolutionGuid = {AC5B0838-5AF5-4DDD-B270-196E3DC35BFF}
	EndGlobalSection
EndGlobal
